
Microsoft Visual Studio Solution File, Format Version 12.00
# Visual Studio Version 17
VisualStudioVersion = 17.5.33627.172
MinimumVisualStudioVersion = 10.0.40219.1
Project("{FAE04EC0-301F-11D3-BF4B-00C04F79EFBC}") = "Leitor", "Leitor\Leitor.csproj", "{06FC9408-CC2F-43B6-B2BA-97E356CB5CEF}"
EndProject
Global
	GlobalSection(SolutionConfigurationPlatforms) = preSolution
		Debug|Any CPU = Debug|Any CPU
		Release|Any CPU = Release|Any CPU
	EndGlobalSection
	GlobalSection(ProjectConfigurationPlatforms) = postSolution
		{06FC9408-CC2F-43B6-B2BA-97E356CB5CEF}.Debug|Any CPU.ActiveCfg = Debug|Any CPU
		{06FC9408-CC2F-43B6-B2BA-97E356CB5CEF}.Debug|Any CPU.Build.0 = Debug|Any CPU
		{06FC9408-CC2F-43B6-B2BA-97E356CB5CEF}.Release|Any CPU.ActiveCfg = Release|Any CPU
		{06FC9408-CC2F-43B6-B2BA-97E356CB5CEF}.Release|Any CPU.Build.0 = Release|Any CPU
	EndGlobalSection
	GlobalSection(SolutionProperties) = preSolution
		HideSolutionNode = FALSE
	EndGlobalSection
	GlobalSection(ExtensibilityGlobals) = postSolution
		SolutionGuid = {DE89C927-24EF-4746-B1E5-4F6110B2E5F5}
	EndGlobalSection
EndGlobal
